{
  "originHash" : "37c0952def8377b65acc23bd6f144a1bfc4469b28eff17a2bb545fe6d03e22c1",
  "pins" : [
    {
      "identity" : "kokoro-ios",
      "kind" : "remoteSourceControl",
      "location" : "https://github.com/mlalma/kokoro-ios",
      "state" : {
        "revision" : "b1ac37953b2e35c9b3e87f1a1c4fa0c23b1c1b10",
        "version" : "1.0.5"
      }
    },
    {
      "identity" : "misakiswift",
      "kind" : "remoteSourceControl",
      "location" : "https://github.com/mlalma/MisakiSwift",
      "state" : {
        "revision" : "cddad14f2a457d8ee4a2a7ae940851a7ce4aa4ca",
        "version" : "1.0.1"
      }
    },
    {
      "identity" : "mlx-swift",
      "kind" : "remoteSourceControl",
      "location" : "https://github.com/ml-explore/mlx-swift",
      "state" : {
        "revision" : "96c0f69cf15f38abd6248bb71fca908171dab1d8",
        "version" : "0.25.6"
      }
    },
    {
      "identity" : "mlxutilslibrary",
      "kind" : "remoteSourceControl",
      "location" : "https://github.com/mlalma/MLXUtilsLibrary.git",
      "state" : {
        "revision" : "db17d889ca3e5398c285da9c9a33a08d3e191054",
        "version" : "0.0.3"
      }
    },
    {
      "identity" : "swift-numerics",
      "kind" : "remoteSourceControl",
      "location" : "https://github.com/apple/swift-numerics",
      "state" : {
        "revision" : "0c0290ff6b24942dadb83a929ffaaa1481df04a2",
        "version" : "1.1.1"
      }
    },
    {
      "identity" : "zipfoundation",
      "kind" : "remoteSourceControl",
      "location" : "https://github.com/weichsel/ZIPFoundation.git",
      "state" : {
        "revision" : "22787ffb59de99e5dc1fbfe80b19c97a904ad48d",
        "version" : "0.9.20"
      }
    }
  ],
  "version" : 3
}
