{
  "originHash" : "1a7372b94f4cffe2b3559d8c7ba0d1dc2f327418b055f3bb4c8e02171574b094",
  "pins" : [
    {
      "identity" : "kokoro-ios",
      "kind" : "remoteSourceControl",
      "location" : "https://github.com/mlalma/kokoro-ios",
      "state" : {
        "revision" : "5a6912c1a9ba417400afa7865db7e9d68c8ddcf5",
        "version" : "1.0.7"
      }
    },
    {
      "identity" : "misakiswift",
      "kind" : "remoteSourceControl",
      "location" : "https://github.com/mlalma/MisakiSwift",
      "state" : {
        "revision" : "0767bbaa5021671c59aee5d99ecf7a8e01ae0395",
        "version" : "1.0.3"
      }
    },
    {
      "identity" : "mlx-swift",
      "kind" : "remoteSourceControl",
      "location" : "https://github.com/ml-explore/mlx-swift",
      "state" : {
        "revision" : "072b684acaae80b6a463abab3a103732f33774bf",
        "version" : "0.29.1"
      }
    },
    {
      "identity" : "mlxutilslibrary",
      "kind" : "remoteSourceControl",
      "location" : "https://github.com/mlalma/MLXUtilsLibrary.git",
      "state" : {
        "revision" : "59a57d6c92de25c5d73815ed371c332db6ca4c13",
        "version" : "0.0.5"
      }
    },
    {
      "identity" : "swift-numerics",
      "kind" : "remoteSourceControl",
      "location" : "https://github.com/apple/swift-numerics",
      "state" : {
        "revision" : "0c0290ff6b24942dadb83a929ffaaa1481df04a2",
        "version" : "1.1.1"
      }
    },
    {
      "identity" : "zipfoundation",
      "kind" : "remoteSourceControl",
      "location" : "https://github.com/weichsel/ZIPFoundation.git",
      "state" : {
        "revision" : "22787ffb59de99e5dc1fbfe80b19c97a904ad48d",
        "version" : "0.9.20"
      }
    }
  ],
  "version" : 3
}
